
Microsoft Visual Studio Solution File, Format Version 12.00
# Visual Studio Version 17
VisualStudioVersion = 17.0.31903.59
MinimumVisualStudioVersion = 10.0.40219.1
Project("{2150E333-8FDC-42A3-9474-1A3956D46DE8}") = "src", "src", "{827E0CD3-B72D-47B6-A68D-7590B98EB39B}"
EndProject
Project("{FAE04EC0-301F-11D3-BF4B-00C04F79EFBC}") = "CallgraphClosure.Core", "src\CallgraphClosure.Core\CallgraphClosure.Core.csproj", "{D51F7473-A3A1-4E9A-914F-F6AF437FDE71}"
EndProject
Project("{FAE04EC0-301F-11D3-BF4B-00C04F79EFBC}") = "MustNotAllocate", "src\MustNotAllocate\MustNotAllocate.csproj", "{5734FFB3-6849-4482-82CA-A706B73F3277}"
EndProject
Project("{2150E333-8FDC-42A3-9474-1A3956D46DE8}") = "tests", "tests", "{0AB3BF05-4346-4AA6-1389-037BE0695223}"
EndProject
Project("{FAE04EC0-301F-11D3-BF4B-00C04F79EFBC}") = "MustNotAllocate.Tests", "tests\MustNotAllocate.Tests\MustNotAllocate.Tests.csproj", "{001C4815-D4DA-428A-9B34-AF33757CF70E}"
EndProject
Project("{FAE04EC0-301F-11D3-BF4B-00C04F79EFBC}") = "MustNotAllocate.Sample", "src\MustNotAllocate.Sample\MustNotAllocate.Sample.csproj", "{87365CBD-11B4-43D0-86FB-5F747A18F4DB}"
EndProject
Project("{FAE04EC0-301F-11D3-BF4B-00C04F79EFBC}") = "CallgraphClosure.ILCheck.Core", "src\CallgraphClosure.ILCheck.Core\CallgraphClosure.ILCheck.Core.csproj", "{B5091574-A997-4B9C-8FE1-1421904853D0}"
EndProject
Project("{FAE04EC0-301F-11D3-BF4B-00C04F79EFBC}") = "MustNotAllocate.ILCheck", "src\MustNotAllocate.ILCheck\MustNotAllocate.ILCheck.csproj", "{F21403F0-BE9D-4E01-8116-99FBD1057C84}"
EndProject
Project("{FAE04EC0-301F-11D3-BF4B-00C04F79EFBC}") = "MustNotAllocate.ILCheck.Tests", "tests\MustNotAllocate.ILCheck.Tests\MustNotAllocate.ILCheck.Tests.csproj", "{F8FCAEBB-A640-44F6-B01F-567070F91829}"
EndProject
Project("{FAE04EC0-301F-11D3-BF4B-00C04F79EFBC}") = "CallgraphClosure.ILCheck.Cli", "src\CallgraphClosure.ILCheck.Cli\CallgraphClosure.ILCheck.Cli.csproj", "{3EE0A9AA-DE0C-493E-B024-ACBC7311BB3A}"
EndProject
Project("{FAE04EC0-301F-11D3-BF4B-00C04F79EFBC}") = "CallgraphClosure.Attributes", "src\CallgraphClosure.Attributes\CallgraphClosure.Attributes.csproj", "{210D06D1-5ADA-4B43-9B31-31587B49F9AB}"
EndProject
Project("{FAE04EC0-301F-11D3-BF4B-00C04F79EFBC}") = "Showcase.Http.Common", "src\Showcase.Http.Common\Showcase.Http.Common.csproj", "{E66AEA60-D985-45B3-B85F-354D02EBA47C}"
EndProject
Project("{FAE04EC0-301F-11D3-BF4B-00C04F79EFBC}") = "Showcase.Http.Naive", "src\Showcase.Http.Naive\Showcase.Http.Naive.csproj", "{806DA029-0F6F-4C2B-9E2C-C68E3FA2D191}"
EndProject
Project("{FAE04EC0-301F-11D3-BF4B-00C04F79EFBC}") = "Showcase.Http.Optimized", "src\Showcase.Http.Optimized\Showcase.Http.Optimized.csproj", "{08BD4C46-6FB6-4A45-81DB-55A77605900F}"
EndProject
Project("{2150E333-8FDC-42A3-9474-1A3956D46DE8}") = "bench", "bench", "{760AB15A-8938-8D9B-BEDE-5CE1484B84C3}"
EndProject
Project("{FAE04EC0-301F-11D3-BF4B-00C04F79EFBC}") = "Showcase.Http.Benchmarks", "bench\Showcase.Http.Benchmarks\Showcase.Http.Benchmarks.csproj", "{93005A4E-3365-4194-B4E1-50B9511415B3}"
EndProject
Project("{FAE04EC0-301F-11D3-BF4B-00C04F79EFBC}") = "MustNotThrow", "src\MustNotThrow\MustNotThrow.csproj", "{A3F8B2E1-4D7C-4A9F-B8E2-1C5D6F2A3B4C}"
EndProject
Project("{FAE04EC0-301F-11D3-BF4B-00C04F79EFBC}") = "MustNotThrow.ILCheck", "src\MustNotThrow.ILCheck\MustNotThrow.ILCheck.csproj", "{B4C9D3F2-5E8D-4B0A-C9F3-2D6E7A3B4C5D}"
EndProject
Project("{FAE04EC0-301F-11D3-BF4B-00C04F79EFBC}") = "MustNotThrow.Tests", "tests\MustNotThrow.Tests\MustNotThrow.Tests.csproj", "{C5DAE4A3-6F9E-4C1B-DA04-3E7F8B4C5D6E}"
EndProject
Project("{FAE04EC0-301F-11D3-BF4B-00C04F79EFBC}") = "MustNotThrow.ILCheck.Tests", "tests\MustNotThrow.ILCheck.Tests\MustNotThrow.ILCheck.Tests.csproj", "{D6EBF5B4-7A0F-4D2C-EB15-4F809C5D6E7F}"
EndProject
Project("{FAE04EC0-301F-11D3-BF4B-00C04F79EFBC}") = "MustNotBlock", "src\MustNotBlock\MustNotBlock.csproj", "{E7FC06C5-8B1A-4E3D-FC26-509A1D6E7F80}"
EndProject
Project("{FAE04EC0-301F-11D3-BF4B-00C04F79EFBC}") = "MustNotBlock.ILCheck", "src\MustNotBlock.ILCheck\MustNotBlock.ILCheck.csproj", "{F80D17D6-9C2B-4F4E-FD37-6A0B2E7F8091}"
EndProject
Project("{FAE04EC0-301F-11D3-BF4B-00C04F79EFBC}") = "MustNotBlock.Tests", "tests\MustNotBlock.Tests\MustNotBlock.Tests.csproj", "{091E28E7-AD3C-405F-FE48-7B1C3F8091A2}"
EndProject
Project("{FAE04EC0-301F-11D3-BF4B-00C04F79EFBC}") = "MustNotBlock.ILCheck.Tests", "tests\MustNotBlock.ILCheck.Tests\MustNotBlock.ILCheck.Tests.csproj", "{1A2F39F8-BE4D-4160-FF59-8C2D40A192B3}"
EndProject
Project("{FAE04EC0-301F-11D3-BF4B-00C04F79EFBC}") = "MustNotBlock.Sample", "src\MustNotBlock.Sample\MustNotBlock.Sample.csproj", "{2B3040A9-CF5E-4271-AC6A-9D3E51B2A3C4}"
EndProject
Global
	GlobalSection(SolutionConfigurationPlatforms) = preSolution
		Debug|Any CPU = Debug|Any CPU
		Debug|x64 = Debug|x64
		Debug|x86 = Debug|x86
		Release|Any CPU = Release|Any CPU
		Release|x64 = Release|x64
		Release|x86 = Release|x86
	EndGlobalSection
	GlobalSection(ProjectConfigurationPlatforms) = postSolution
		{D51F7473-A3A1-4E9A-914F-F6AF437FDE71}.Debug|Any CPU.ActiveCfg = Debug|Any CPU
		{D51F7473-A3A1-4E9A-914F-F6AF437FDE71}.Debug|Any CPU.Build.0 = Debug|Any CPU
		{D51F7473-A3A1-4E9A-914F-F6AF437FDE71}.Debug|x64.ActiveCfg = Debug|Any CPU
		{D51F7473-A3A1-4E9A-914F-F6AF437FDE71}.Debug|x64.Build.0 = Debug|Any CPU
		{D51F7473-A3A1-4E9A-914F-F6AF437FDE71}.Debug|x86.ActiveCfg = Debug|Any CPU
		{D51F7473-A3A1-4E9A-914F-F6AF437FDE71}.Debug|x86.Build.0 = Debug|Any CPU
		{D51F7473-A3A1-4E9A-914F-F6AF437FDE71}.Release|Any CPU.ActiveCfg = Release|Any CPU
		{D51F7473-A3A1-4E9A-914F-F6AF437FDE71}.Release|Any CPU.Build.0 = Release|Any CPU
		{D51F7473-A3A1-4E9A-914F-F6AF437FDE71}.Release|x64.ActiveCfg = Release|Any CPU
		{D51F7473-A3A1-4E9A-914F-F6AF437FDE71}.Release|x64.Build.0 = Release|Any CPU
		{D51F7473-A3A1-4E9A-914F-F6AF437FDE71}.Release|x86.ActiveCfg = Release|Any CPU
		{D51F7473-A3A1-4E9A-914F-F6AF437FDE71}.Release|x86.Build.0 = Release|Any CPU
		{5734FFB3-6849-4482-82CA-A706B73F3277}.Debug|Any CPU.ActiveCfg = Debug|Any CPU
		{5734FFB3-6849-4482-82CA-A706B73F3277}.Debug|Any CPU.Build.0 = Debug|Any CPU
		{5734FFB3-6849-4482-82CA-A706B73F3277}.Debug|x64.ActiveCfg = Debug|Any CPU
		{5734FFB3-6849-4482-82CA-A706B73F3277}.Debug|x64.Build.0 = Debug|Any CPU
		{5734FFB3-6849-4482-82CA-A706B73F3277}.Debug|x86.ActiveCfg = Debug|Any CPU
		{5734FFB3-6849-4482-82CA-A706B73F3277}.Debug|x86.Build.0 = Debug|Any CPU
		{5734FFB3-6849-4482-82CA-A706B73F3277}.Release|Any CPU.ActiveCfg = Release|Any CPU
		{5734FFB3-6849-4482-82CA-A706B73F3277}.Release|Any CPU.Build.0 = Release|Any CPU
		{5734FFB3-6849-4482-82CA-A706B73F3277}.Release|x64.ActiveCfg = Release|Any CPU
		{5734FFB3-6849-4482-82CA-A706B73F3277}.Release|x64.Build.0 = Release|Any CPU
		{5734FFB3-6849-4482-82CA-A706B73F3277}.Release|x86.ActiveCfg = Release|Any CPU
		{5734FFB3-6849-4482-82CA-A706B73F3277}.Release|x86.Build.0 = Release|Any CPU
		{001C4815-D4DA-428A-9B34-AF33757CF70E}.Debug|Any CPU.ActiveCfg = Debug|Any CPU
		{001C4815-D4DA-428A-9B34-AF33757CF70E}.Debug|Any CPU.Build.0 = Debug|Any CPU
		{001C4815-D4DA-428A-9B34-AF33757CF70E}.Debug|x64.ActiveCfg = Debug|Any CPU
		{001C4815-D4DA-428A-9B34-AF33757CF70E}.Debug|x64.Build.0 = Debug|Any CPU
		{001C4815-D4DA-428A-9B34-AF33757CF70E}.Debug|x86.ActiveCfg = Debug|Any CPU
		{001C4815-D4DA-428A-9B34-AF33757CF70E}.Debug|x86.Build.0 = Debug|Any CPU
		{001C4815-D4DA-428A-9B34-AF33757CF70E}.Release|Any CPU.ActiveCfg = Release|Any CPU
		{001C4815-D4DA-428A-9B34-AF33757CF70E}.Release|Any CPU.Build.0 = Release|Any CPU
		{001C4815-D4DA-428A-9B34-AF33757CF70E}.Release|x64.ActiveCfg = Release|Any CPU
		{001C4815-D4DA-428A-9B34-AF33757CF70E}.Release|x64.Build.0 = Release|Any CPU
		{001C4815-D4DA-428A-9B34-AF33757CF70E}.Release|x86.ActiveCfg = Release|Any CPU
		{001C4815-D4DA-428A-9B34-AF33757CF70E}.Release|x86.Build.0 = Release|Any CPU
		{87365CBD-11B4-43D0-86FB-5F747A18F4DB}.Debug|Any CPU.ActiveCfg = Debug|Any CPU
		{87365CBD-11B4-43D0-86FB-5F747A18F4DB}.Debug|Any CPU.Build.0 = Debug|Any CPU
		{87365CBD-11B4-43D0-86FB-5F747A18F4DB}.Debug|x64.ActiveCfg = Debug|Any CPU
		{87365CBD-11B4-43D0-86FB-5F747A18F4DB}.Debug|x64.Build.0 = Debug|Any CPU
		{87365CBD-11B4-43D0-86FB-5F747A18F4DB}.Debug|x86.ActiveCfg = Debug|Any CPU
		{87365CBD-11B4-43D0-86FB-5F747A18F4DB}.Debug|x86.Build.0 = Debug|Any CPU
		{87365CBD-11B4-43D0-86FB-5F747A18F4DB}.Release|Any CPU.ActiveCfg = Release|Any CPU
		{87365CBD-11B4-43D0-86FB-5F747A18F4DB}.Release|Any CPU.Build.0 = Release|Any CPU
		{87365CBD-11B4-43D0-86FB-5F747A18F4DB}.Release|x64.ActiveCfg = Release|Any CPU
		{87365CBD-11B4-43D0-86FB-5F747A18F4DB}.Release|x64.Build.0 = Release|Any CPU
		{87365CBD-11B4-43D0-86FB-5F747A18F4DB}.Release|x86.ActiveCfg = Release|Any CPU
		{87365CBD-11B4-43D0-86FB-5F747A18F4DB}.Release|x86.Build.0 = Release|Any CPU
		{B5091574-A997-4B9C-8FE1-1421904853D0}.Debug|Any CPU.ActiveCfg = Debug|Any CPU
		{B5091574-A997-4B9C-8FE1-1421904853D0}.Debug|Any CPU.Build.0 = Debug|Any CPU
		{B5091574-A997-4B9C-8FE1-1421904853D0}.Debug|x64.ActiveCfg = Debug|Any CPU
		{B5091574-A997-4B9C-8FE1-1421904853D0}.Debug|x64.Build.0 = Debug|Any CPU
		{B5091574-A997-4B9C-8FE1-1421904853D0}.Debug|x86.ActiveCfg = Debug|Any CPU
		{B5091574-A997-4B9C-8FE1-1421904853D0}.Debug|x86.Build.0 = Debug|Any CPU
		{B5091574-A997-4B9C-8FE1-1421904853D0}.Release|Any CPU.ActiveCfg = Release|Any CPU
		{B5091574-A997-4B9C-8FE1-1421904853D0}.Release|Any CPU.Build.0 = Release|Any CPU
		{B5091574-A997-4B9C-8FE1-1421904853D0}.Release|x64.ActiveCfg = Release|Any CPU
		{B5091574-A997-4B9C-8FE1-1421904853D0}.Release|x64.Build.0 = Release|Any CPU
		{B5091574-A997-4B9C-8FE1-1421904853D0}.Release|x86.ActiveCfg = Release|Any CPU
		{B5091574-A997-4B9C-8FE1-1421904853D0}.Release|x86.Build.0 = Release|Any CPU
		{F21403F0-BE9D-4E01-8116-99FBD1057C84}.Debug|Any CPU.ActiveCfg = Debug|Any CPU
		{F21403F0-BE9D-4E01-8116-99FBD1057C84}.Debug|Any CPU.Build.0 = Debug|Any CPU
		{F21403F0-BE9D-4E01-8116-99FBD1057C84}.Debug|x64.ActiveCfg = Debug|Any CPU
		{F21403F0-BE9D-4E01-8116-99FBD1057C84}.Debug|x64.Build.0 = Debug|Any CPU
		{F21403F0-BE9D-4E01-8116-99FBD1057C84}.Debug|x86.ActiveCfg = Debug|Any CPU
		{F21403F0-BE9D-4E01-8116-99FBD1057C84}.Debug|x86.Build.0 = Debug|Any CPU
		{F21403F0-BE9D-4E01-8116-99FBD1057C84}.Release|Any CPU.ActiveCfg = Release|Any CPU
		{F21403F0-BE9D-4E01-8116-99FBD1057C84}.Release|Any CPU.Build.0 = Release|Any CPU
		{F21403F0-BE9D-4E01-8116-99FBD1057C84}.Release|x64.ActiveCfg = Release|Any CPU
		{F21403F0-BE9D-4E01-8116-99FBD1057C84}.Release|x64.Build.0 = Release|Any CPU
		{F21403F0-BE9D-4E01-8116-99FBD1057C84}.Release|x86.ActiveCfg = Release|Any CPU
		{F21403F0-BE9D-4E01-8116-99FBD1057C84}.Release|x86.Build.0 = Release|Any CPU
		{F8FCAEBB-A640-44F6-B01F-567070F91829}.Debug|Any CPU.ActiveCfg = Debug|Any CPU
		{F8FCAEBB-A640-44F6-B01F-567070F91829}.Debug|Any CPU.Build.0 = Debug|Any CPU
		{F8FCAEBB-A640-44F6-B01F-567070F91829}.Debug|x64.ActiveCfg = Debug|Any CPU
		{F8FCAEBB-A640-44F6-B01F-567070F91829}.Debug|x64.Build.0 = Debug|Any CPU
		{F8FCAEBB-A640-44F6-B01F-567070F91829}.Debug|x86.ActiveCfg = Debug|Any CPU
		{F8FCAEBB-A640-44F6-B01F-567070F91829}.Debug|x86.Build.0 = Debug|Any CPU
		{F8FCAEBB-A640-44F6-B01F-567070F91829}.Release|Any CPU.ActiveCfg = Release|Any CPU
		{F8FCAEBB-A640-44F6-B01F-567070F91829}.Release|Any CPU.Build.0 = Release|Any CPU
		{F8FCAEBB-A640-44F6-B01F-567070F91829}.Release|x64.ActiveCfg = Release|Any CPU
		{F8FCAEBB-A640-44F6-B01F-567070F91829}.Release|x64.Build.0 = Release|Any CPU
		{F8FCAEBB-A640-44F6-B01F-567070F91829}.Release|x86.ActiveCfg = Release|Any CPU
		{F8FCAEBB-A640-44F6-B01F-567070F91829}.Release|x86.Build.0 = Release|Any CPU
		{3EE0A9AA-DE0C-493E-B024-ACBC7311BB3A}.Debug|Any CPU.ActiveCfg = Debug|Any CPU
		{3EE0A9AA-DE0C-493E-B024-ACBC7311BB3A}.Debug|Any CPU.Build.0 = Debug|Any CPU
		{3EE0A9AA-DE0C-493E-B024-ACBC7311BB3A}.Debug|x64.ActiveCfg = Debug|Any CPU
		{3EE0A9AA-DE0C-493E-B024-ACBC7311BB3A}.Debug|x64.Build.0 = Debug|Any CPU
		{3EE0A9AA-DE0C-493E-B024-ACBC7311BB3A}.Debug|x86.ActiveCfg = Debug|Any CPU
		{3EE0A9AA-DE0C-493E-B024-ACBC7311BB3A}.Debug|x86.Build.0 = Debug|Any CPU
		{3EE0A9AA-DE0C-493E-B024-ACBC7311BB3A}.Release|Any CPU.ActiveCfg = Release|Any CPU
		{3EE0A9AA-DE0C-493E-B024-ACBC7311BB3A}.Release|Any CPU.Build.0 = Release|Any CPU
		{3EE0A9AA-DE0C-493E-B024-ACBC7311BB3A}.Release|x64.ActiveCfg = Release|Any CPU
		{3EE0A9AA-DE0C-493E-B024-ACBC7311BB3A}.Release|x64.Build.0 = Release|Any CPU
		{3EE0A9AA-DE0C-493E-B024-ACBC7311BB3A}.Release|x86.ActiveCfg = Release|Any CPU
		{3EE0A9AA-DE0C-493E-B024-ACBC7311BB3A}.Release|x86.Build.0 = Release|Any CPU
		{210D06D1-5ADA-4B43-9B31-31587B49F9AB}.Debug|Any CPU.ActiveCfg = Debug|Any CPU
		{210D06D1-5ADA-4B43-9B31-31587B49F9AB}.Debug|Any CPU.Build.0 = Debug|Any CPU
		{210D06D1-5ADA-4B43-9B31-31587B49F9AB}.Debug|x64.ActiveCfg = Debug|Any CPU
		{210D06D1-5ADA-4B43-9B31-31587B49F9AB}.Debug|x64.Build.0 = Debug|Any CPU
		{210D06D1-5ADA-4B43-9B31-31587B49F9AB}.Debug|x86.ActiveCfg = Debug|Any CPU
		{210D06D1-5ADA-4B43-9B31-31587B49F9AB}.Debug|x86.Build.0 = Debug|Any CPU
		{210D06D1-5ADA-4B43-9B31-31587B49F9AB}.Release|Any CPU.ActiveCfg = Release|Any CPU
		{210D06D1-5ADA-4B43-9B31-31587B49F9AB}.Release|Any CPU.Build.0 = Release|Any CPU
		{210D06D1-5ADA-4B43-9B31-31587B49F9AB}.Release|x64.ActiveCfg = Release|Any CPU
		{210D06D1-5ADA-4B43-9B31-31587B49F9AB}.Release|x64.Build.0 = Release|Any CPU
		{210D06D1-5ADA-4B43-9B31-31587B49F9AB}.Release|x86.ActiveCfg = Release|Any CPU
		{210D06D1-5ADA-4B43-9B31-31587B49F9AB}.Release|x86.Build.0 = Release|Any CPU
		{E66AEA60-D985-45B3-B85F-354D02EBA47C}.Debug|Any CPU.ActiveCfg = Debug|Any CPU
		{E66AEA60-D985-45B3-B85F-354D02EBA47C}.Debug|Any CPU.Build.0 = Debug|Any CPU
		{E66AEA60-D985-45B3-B85F-354D02EBA47C}.Debug|x64.ActiveCfg = Debug|Any CPU
		{E66AEA60-D985-45B3-B85F-354D02EBA47C}.Debug|x64.Build.0 = Debug|Any CPU
		{E66AEA60-D985-45B3-B85F-354D02EBA47C}.Debug|x86.ActiveCfg = Debug|Any CPU
		{E66AEA60-D985-45B3-B85F-354D02EBA47C}.Debug|x86.Build.0 = Debug|Any CPU
		{E66AEA60-D985-45B3-B85F-354D02EBA47C}.Release|Any CPU.ActiveCfg = Release|Any CPU
		{E66AEA60-D985-45B3-B85F-354D02EBA47C}.Release|Any CPU.Build.0 = Release|Any CPU
		{E66AEA60-D985-45B3-B85F-354D02EBA47C}.Release|x64.ActiveCfg = Release|Any CPU
		{E66AEA60-D985-45B3-B85F-354D02EBA47C}.Release|x64.Build.0 = Release|Any CPU
		{E66AEA60-D985-45B3-B85F-354D02EBA47C}.Release|x86.ActiveCfg = Release|Any CPU
		{E66AEA60-D985-45B3-B85F-354D02EBA47C}.Release|x86.Build.0 = Release|Any CPU
		{806DA029-0F6F-4C2B-9E2C-C68E3FA2D191}.Debug|Any CPU.ActiveCfg = Debug|Any CPU
		{806DA029-0F6F-4C2B-9E2C-C68E3FA2D191}.Debug|Any CPU.Build.0 = Debug|Any CPU
		{806DA029-0F6F-4C2B-9E2C-C68E3FA2D191}.Debug|x64.ActiveCfg = Debug|Any CPU
		{806DA029-0F6F-4C2B-9E2C-C68E3FA2D191}.Debug|x64.Build.0 = Debug|Any CPU
		{806DA029-0F6F-4C2B-9E2C-C68E3FA2D191}.Debug|x86.ActiveCfg = Debug|Any CPU
		{806DA029-0F6F-4C2B-9E2C-C68E3FA2D191}.Debug|x86.Build.0 = Debug|Any CPU
		{806DA029-0F6F-4C2B-9E2C-C68E3FA2D191}.Release|Any CPU.ActiveCfg = Release|Any CPU
		{806DA029-0F6F-4C2B-9E2C-C68E3FA2D191}.Release|Any CPU.Build.0 = Release|Any CPU
		{806DA029-0F6F-4C2B-9E2C-C68E3FA2D191}.Release|x64.ActiveCfg = Release|Any CPU
		{806DA029-0F6F-4C2B-9E2C-C68E3FA2D191}.Release|x64.Build.0 = Release|Any CPU
		{806DA029-0F6F-4C2B-9E2C-C68E3FA2D191}.Release|x86.ActiveCfg = Release|Any CPU
		{806DA029-0F6F-4C2B-9E2C-C68E3FA2D191}.Release|x86.Build.0 = Release|Any CPU
		{08BD4C46-6FB6-4A45-81DB-55A77605900F}.Debug|Any CPU.ActiveCfg = Debug|Any CPU
		{08BD4C46-6FB6-4A45-81DB-55A77605900F}.Debug|Any CPU.Build.0 = Debug|Any CPU
		{08BD4C46-6FB6-4A45-81DB-55A77605900F}.Debug|x64.ActiveCfg = Debug|Any CPU
		{08BD4C46-6FB6-4A45-81DB-55A77605900F}.Debug|x64.Build.0 = Debug|Any CPU
		{08BD4C46-6FB6-4A45-81DB-55A77605900F}.Debug|x86.ActiveCfg = Debug|Any CPU
		{08BD4C46-6FB6-4A45-81DB-55A77605900F}.Debug|x86.Build.0 = Debug|Any CPU
		{08BD4C46-6FB6-4A45-81DB-55A77605900F}.Release|Any CPU.ActiveCfg = Release|Any CPU
		{08BD4C46-6FB6-4A45-81DB-55A77605900F}.Release|Any CPU.Build.0 = Release|Any CPU
		{08BD4C46-6FB6-4A45-81DB-55A77605900F}.Release|x64.ActiveCfg = Release|Any CPU
		{08BD4C46-6FB6-4A45-81DB-55A77605900F}.Release|x64.Build.0 = Release|Any CPU
		{08BD4C46-6FB6-4A45-81DB-55A77605900F}.Release|x86.ActiveCfg = Release|Any CPU
		{08BD4C46-6FB6-4A45-81DB-55A77605900F}.Release|x86.Build.0 = Release|Any CPU
		{93005A4E-3365-4194-B4E1-50B9511415B3}.Debug|Any CPU.ActiveCfg = Debug|Any CPU
		{93005A4E-3365-4194-B4E1-50B9511415B3}.Debug|Any CPU.Build.0 = Debug|Any CPU
		{93005A4E-3365-4194-B4E1-50B9511415B3}.Debug|x64.ActiveCfg = Debug|Any CPU
		{93005A4E-3365-4194-B4E1-50B9511415B3}.Debug|x64.Build.0 = Debug|Any CPU
		{93005A4E-3365-4194-B4E1-50B9511415B3}.Debug|x86.ActiveCfg = Debug|Any CPU
		{93005A4E-3365-4194-B4E1-50B9511415B3}.Debug|x86.Build.0 = Debug|Any CPU
		{93005A4E-3365-4194-B4E1-50B9511415B3}.Release|Any CPU.ActiveCfg = Release|Any CPU
		{93005A4E-3365-4194-B4E1-50B9511415B3}.Release|Any CPU.Build.0 = Release|Any CPU
		{93005A4E-3365-4194-B4E1-50B9511415B3}.Release|x64.ActiveCfg = Release|Any CPU
		{93005A4E-3365-4194-B4E1-50B9511415B3}.Release|x64.Build.0 = Release|Any CPU
		{93005A4E-3365-4194-B4E1-50B9511415B3}.Release|x86.ActiveCfg = Release|Any CPU
		{93005A4E-3365-4194-B4E1-50B9511415B3}.Release|x86.Build.0 = Release|Any CPU
		{A3F8B2E1-4D7C-4A9F-B8E2-1C5D6F2A3B4C}.Debug|Any CPU.ActiveCfg = Debug|Any CPU
		{A3F8B2E1-4D7C-4A9F-B8E2-1C5D6F2A3B4C}.Debug|Any CPU.Build.0 = Debug|Any CPU
		{A3F8B2E1-4D7C-4A9F-B8E2-1C5D6F2A3B4C}.Debug|x64.ActiveCfg = Debug|Any CPU
		{A3F8B2E1-4D7C-4A9F-B8E2-1C5D6F2A3B4C}.Debug|x64.Build.0 = Debug|Any CPU
		{A3F8B2E1-4D7C-4A9F-B8E2-1C5D6F2A3B4C}.Debug|x86.ActiveCfg = Debug|Any CPU
		{A3F8B2E1-4D7C-4A9F-B8E2-1C5D6F2A3B4C}.Debug|x86.Build.0 = Debug|Any CPU
		{A3F8B2E1-4D7C-4A9F-B8E2-1C5D6F2A3B4C}.Release|Any CPU.ActiveCfg = Release|Any CPU
		{A3F8B2E1-4D7C-4A9F-B8E2-1C5D6F2A3B4C}.Release|Any CPU.Build.0 = Release|Any CPU
		{A3F8B2E1-4D7C-4A9F-B8E2-1C5D6F2A3B4C}.Release|x64.ActiveCfg = Release|Any CPU
		{A3F8B2E1-4D7C-4A9F-B8E2-1C5D6F2A3B4C}.Release|x64.Build.0 = Release|Any CPU
		{A3F8B2E1-4D7C-4A9F-B8E2-1C5D6F2A3B4C}.Release|x86.ActiveCfg = Release|Any CPU
		{A3F8B2E1-4D7C-4A9F-B8E2-1C5D6F2A3B4C}.Release|x86.Build.0 = Release|Any CPU
		{B4C9D3F2-5E8D-4B0A-C9F3-2D6E7A3B4C5D}.Debug|Any CPU.ActiveCfg = Debug|Any CPU
		{B4C9D3F2-5E8D-4B0A-C9F3-2D6E7A3B4C5D}.Debug|Any CPU.Build.0 = Debug|Any CPU
		{B4C9D3F2-5E8D-4B0A-C9F3-2D6E7A3B4C5D}.Debug|x64.ActiveCfg = Debug|Any CPU
		{B4C9D3F2-5E8D-4B0A-C9F3-2D6E7A3B4C5D}.Debug|x64.Build.0 = Debug|Any CPU
		{B4C9D3F2-5E8D-4B0A-C9F3-2D6E7A3B4C5D}.Debug|x86.ActiveCfg = Debug|Any CPU
		{B4C9D3F2-5E8D-4B0A-C9F3-2D6E7A3B4C5D}.Debug|x86.Build.0 = Debug|Any CPU
		{B4C9D3F2-5E8D-4B0A-C9F3-2D6E7A3B4C5D}.Release|Any CPU.ActiveCfg = Release|Any CPU
		{B4C9D3F2-5E8D-4B0A-C9F3-2D6E7A3B4C5D}.Release|Any CPU.Build.0 = Release|Any CPU
		{B4C9D3F2-5E8D-4B0A-C9F3-2D6E7A3B4C5D}.Release|x64.ActiveCfg = Release|Any CPU
		{B4C9D3F2-5E8D-4B0A-C9F3-2D6E7A3B4C5D}.Release|x64.Build.0 = Release|Any CPU
		{B4C9D3F2-5E8D-4B0A-C9F3-2D6E7A3B4C5D}.Release|x86.ActiveCfg = Release|Any CPU
		{B4C9D3F2-5E8D-4B0A-C9F3-2D6E7A3B4C5D}.Release|x86.Build.0 = Release|Any CPU
		{C5DAE4A3-6F9E-4C1B-DA04-3E7F8B4C5D6E}.Debug|Any CPU.ActiveCfg = Debug|Any CPU
		{C5DAE4A3-6F9E-4C1B-DA04-3E7F8B4C5D6E}.Debug|Any CPU.Build.0 = Debug|Any CPU
		{C5DAE4A3-6F9E-4C1B-DA04-3E7F8B4C5D6E}.Debug|x64.ActiveCfg = Debug|Any CPU
		{C5DAE4A3-6F9E-4C1B-DA04-3E7F8B4C5D6E}.Debug|x64.Build.0 = Debug|Any CPU
		{C5DAE4A3-6F9E-4C1B-DA04-3E7F8B4C5D6E}.Debug|x86.ActiveCfg = Debug|Any CPU
		{C5DAE4A3-6F9E-4C1B-DA04-3E7F8B4C5D6E}.Debug|x86.Build.0 = Debug|Any CPU
		{C5DAE4A3-6F9E-4C1B-DA04-3E7F8B4C5D6E}.Release|Any CPU.ActiveCfg = Release|Any CPU
		{C5DAE4A3-6F9E-4C1B-DA04-3E7F8B4C5D6E}.Release|Any CPU.Build.0 = Release|Any CPU
		{C5DAE4A3-6F9E-4C1B-DA04-3E7F8B4C5D6E}.Release|x64.ActiveCfg = Release|Any CPU
		{C5DAE4A3-6F9E-4C1B-DA04-3E7F8B4C5D6E}.Release|x64.Build.0 = Release|Any CPU
		{C5DAE4A3-6F9E-4C1B-DA04-3E7F8B4C5D6E}.Release|x86.ActiveCfg = Release|Any CPU
		{C5DAE4A3-6F9E-4C1B-DA04-3E7F8B4C5D6E}.Release|x86.Build.0 = Release|Any CPU
		{D6EBF5B4-7A0F-4D2C-EB15-4F809C5D6E7F}.Debug|Any CPU.ActiveCfg = Debug|Any CPU
		{D6EBF5B4-7A0F-4D2C-EB15-4F809C5D6E7F}.Debug|Any CPU.Build.0 = Debug|Any CPU
		{D6EBF5B4-7A0F-4D2C-EB15-4F809C5D6E7F}.Debug|x64.ActiveCfg = Debug|Any CPU
		{D6EBF5B4-7A0F-4D2C-EB15-4F809C5D6E7F}.Debug|x64.Build.0 = Debug|Any CPU
		{D6EBF5B4-7A0F-4D2C-EB15-4F809C5D6E7F}.Debug|x86.ActiveCfg = Debug|Any CPU
		{D6EBF5B4-7A0F-4D2C-EB15-4F809C5D6E7F}.Debug|x86.Build.0 = Debug|Any CPU
		{D6EBF5B4-7A0F-4D2C-EB15-4F809C5D6E7F}.Release|Any CPU.ActiveCfg = Release|Any CPU
		{D6EBF5B4-7A0F-4D2C-EB15-4F809C5D6E7F}.Release|Any CPU.Build.0 = Release|Any CPU
		{D6EBF5B4-7A0F-4D2C-EB15-4F809C5D6E7F}.Release|x64.ActiveCfg = Release|Any CPU
		{D6EBF5B4-7A0F-4D2C-EB15-4F809C5D6E7F}.Release|x64.Build.0 = Release|Any CPU
		{D6EBF5B4-7A0F-4D2C-EB15-4F809C5D6E7F}.Release|x86.ActiveCfg = Release|Any CPU
		{D6EBF5B4-7A0F-4D2C-EB15-4F809C5D6E7F}.Release|x86.Build.0 = Release|Any CPU
		{E7FC06C5-8B1A-4E3D-FC26-509A1D6E7F80}.Debug|Any CPU.ActiveCfg = Debug|Any CPU
		{E7FC06C5-8B1A-4E3D-FC26-509A1D6E7F80}.Debug|Any CPU.Build.0 = Debug|Any CPU
		{E7FC06C5-8B1A-4E3D-FC26-509A1D6E7F80}.Debug|x64.ActiveCfg = Debug|Any CPU
		{E7FC06C5-8B1A-4E3D-FC26-509A1D6E7F80}.Debug|x64.Build.0 = Debug|Any CPU
		{E7FC06C5-8B1A-4E3D-FC26-509A1D6E7F80}.Debug|x86.ActiveCfg = Debug|Any CPU
		{E7FC06C5-8B1A-4E3D-FC26-509A1D6E7F80}.Debug|x86.Build.0 = Debug|Any CPU
		{E7FC06C5-8B1A-4E3D-FC26-509A1D6E7F80}.Release|Any CPU.ActiveCfg = Release|Any CPU
		{E7FC06C5-8B1A-4E3D-FC26-509A1D6E7F80}.Release|Any CPU.Build.0 = Release|Any CPU
		{E7FC06C5-8B1A-4E3D-FC26-509A1D6E7F80}.Release|x64.ActiveCfg = Release|Any CPU
		{E7FC06C5-8B1A-4E3D-FC26-509A1D6E7F80}.Release|x64.Build.0 = Release|Any CPU
		{E7FC06C5-8B1A-4E3D-FC26-509A1D6E7F80}.Release|x86.ActiveCfg = Release|Any CPU
		{E7FC06C5-8B1A-4E3D-FC26-509A1D6E7F80}.Release|x86.Build.0 = Release|Any CPU
		{F80D17D6-9C2B-4F4E-FD37-6A0B2E7F8091}.Debug|Any CPU.ActiveCfg = Debug|Any CPU
		{F80D17D6-9C2B-4F4E-FD37-6A0B2E7F8091}.Debug|Any CPU.Build.0 = Debug|Any CPU
		{F80D17D6-9C2B-4F4E-FD37-6A0B2E7F8091}.Debug|x64.ActiveCfg = Debug|Any CPU
		{F80D17D6-9C2B-4F4E-FD37-6A0B2E7F8091}.Debug|x64.Build.0 = Debug|Any CPU
		{F80D17D6-9C2B-4F4E-FD37-6A0B2E7F8091}.Debug|x86.ActiveCfg = Debug|Any CPU
		{F80D17D6-9C2B-4F4E-FD37-6A0B2E7F8091}.Debug|x86.Build.0 = Debug|Any CPU
		{F80D17D6-9C2B-4F4E-FD37-6A0B2E7F8091}.Release|Any CPU.ActiveCfg = Release|Any CPU
		{F80D17D6-9C2B-4F4E-FD37-6A0B2E7F8091}.Release|Any CPU.Build.0 = Release|Any CPU
		{F80D17D6-9C2B-4F4E-FD37-6A0B2E7F8091}.Release|x64.ActiveCfg = Release|Any CPU
		{F80D17D6-9C2B-4F4E-FD37-6A0B2E7F8091}.Release|x64.Build.0 = Release|Any CPU
		{F80D17D6-9C2B-4F4E-FD37-6A0B2E7F8091}.Release|x86.ActiveCfg = Release|Any CPU
		{F80D17D6-9C2B-4F4E-FD37-6A0B2E7F8091}.Release|x86.Build.0 = Release|Any CPU
		{091E28E7-AD3C-405F-FE48-7B1C3F8091A2}.Debug|Any CPU.ActiveCfg = Debug|Any CPU
		{091E28E7-AD3C-405F-FE48-7B1C3F8091A2}.Debug|Any CPU.Build.0 = Debug|Any CPU
		{091E28E7-AD3C-405F-FE48-7B1C3F8091A2}.Debug|x64.ActiveCfg = Debug|Any CPU
		{091E28E7-AD3C-405F-FE48-7B1C3F8091A2}.Debug|x64.Build.0 = Debug|Any CPU
		{091E28E7-AD3C-405F-FE48-7B1C3F8091A2}.Debug|x86.ActiveCfg = Debug|Any CPU
		{091E28E7-AD3C-405F-FE48-7B1C3F8091A2}.Debug|x86.Build.0 = Debug|Any CPU
		{091E28E7-AD3C-405F-FE48-7B1C3F8091A2}.Release|Any CPU.ActiveCfg = Release|Any CPU
		{091E28E7-AD3C-405F-FE48-7B1C3F8091A2}.Release|Any CPU.Build.0 = Release|Any CPU
		{091E28E7-AD3C-405F-FE48-7B1C3F8091A2}.Release|x64.ActiveCfg = Release|Any CPU
		{091E28E7-AD3C-405F-FE48-7B1C3F8091A2}.Release|x64.Build.0 = Release|Any CPU
		{091E28E7-AD3C-405F-FE48-7B1C3F8091A2}.Release|x86.ActiveCfg = Release|Any CPU
		{091E28E7-AD3C-405F-FE48-7B1C3F8091A2}.Release|x86.Build.0 = Release|Any CPU
		{1A2F39F8-BE4D-4160-FF59-8C2D40A192B3}.Debug|Any CPU.ActiveCfg = Debug|Any CPU
		{1A2F39F8-BE4D-4160-FF59-8C2D40A192B3}.Debug|Any CPU.Build.0 = Debug|Any CPU
		{1A2F39F8-BE4D-4160-FF59-8C2D40A192B3}.Debug|x64.ActiveCfg = Debug|Any CPU
		{1A2F39F8-BE4D-4160-FF59-8C2D40A192B3}.Debug|x64.Build.0 = Debug|Any CPU
		{1A2F39F8-BE4D-4160-FF59-8C2D40A192B3}.Debug|x86.ActiveCfg = Debug|Any CPU
		{1A2F39F8-BE4D-4160-FF59-8C2D40A192B3}.Debug|x86.Build.0 = Debug|Any CPU
		{1A2F39F8-BE4D-4160-FF59-8C2D40A192B3}.Release|Any CPU.ActiveCfg = Release|Any CPU
		{1A2F39F8-BE4D-4160-FF59-8C2D40A192B3}.Release|Any CPU.Build.0 = Release|Any CPU
		{1A2F39F8-BE4D-4160-FF59-8C2D40A192B3}.Release|x64.ActiveCfg = Release|Any CPU
		{1A2F39F8-BE4D-4160-FF59-8C2D40A192B3}.Release|x64.Build.0 = Release|Any CPU
		{1A2F39F8-BE4D-4160-FF59-8C2D40A192B3}.Release|x86.ActiveCfg = Release|Any CPU
		{1A2F39F8-BE4D-4160-FF59-8C2D40A192B3}.Release|x86.Build.0 = Release|Any CPU
		{2B3040A9-CF5E-4271-AC6A-9D3E51B2A3C4}.Debug|Any CPU.ActiveCfg = Debug|Any CPU
		{2B3040A9-CF5E-4271-AC6A-9D3E51B2A3C4}.Debug|Any CPU.Build.0 = Debug|Any CPU
		{2B3040A9-CF5E-4271-AC6A-9D3E51B2A3C4}.Debug|x64.ActiveCfg = Debug|Any CPU
		{2B3040A9-CF5E-4271-AC6A-9D3E51B2A3C4}.Debug|x64.Build.0 = Debug|Any CPU
		{2B3040A9-CF5E-4271-AC6A-9D3E51B2A3C4}.Debug|x86.ActiveCfg = Debug|Any CPU
		{2B3040A9-CF5E-4271-AC6A-9D3E51B2A3C4}.Debug|x86.Build.0 = Debug|Any CPU
		{2B3040A9-CF5E-4271-AC6A-9D3E51B2A3C4}.Release|Any CPU.ActiveCfg = Release|Any CPU
		{2B3040A9-CF5E-4271-AC6A-9D3E51B2A3C4}.Release|Any CPU.Build.0 = Release|Any CPU
		{2B3040A9-CF5E-4271-AC6A-9D3E51B2A3C4}.Release|x64.ActiveCfg = Release|Any CPU
		{2B3040A9-CF5E-4271-AC6A-9D3E51B2A3C4}.Release|x64.Build.0 = Release|Any CPU
		{2B3040A9-CF5E-4271-AC6A-9D3E51B2A3C4}.Release|x86.ActiveCfg = Release|Any CPU
		{2B3040A9-CF5E-4271-AC6A-9D3E51B2A3C4}.Release|x86.Build.0 = Release|Any CPU
	EndGlobalSection
	GlobalSection(SolutionProperties) = preSolution
		HideSolutionNode = FALSE
	EndGlobalSection
	GlobalSection(NestedProjects) = preSolution
		{D51F7473-A3A1-4E9A-914F-F6AF437FDE71} = {827E0CD3-B72D-47B6-A68D-7590B98EB39B}
		{5734FFB3-6849-4482-82CA-A706B73F3277} = {827E0CD3-B72D-47B6-A68D-7590B98EB39B}
		{001C4815-D4DA-428A-9B34-AF33757CF70E} = {0AB3BF05-4346-4AA6-1389-037BE0695223}
		{87365CBD-11B4-43D0-86FB-5F747A18F4DB} = {827E0CD3-B72D-47B6-A68D-7590B98EB39B}
		{B5091574-A997-4B9C-8FE1-1421904853D0} = {827E0CD3-B72D-47B6-A68D-7590B98EB39B}
		{F21403F0-BE9D-4E01-8116-99FBD1057C84} = {827E0CD3-B72D-47B6-A68D-7590B98EB39B}
		{F8FCAEBB-A640-44F6-B01F-567070F91829} = {0AB3BF05-4346-4AA6-1389-037BE0695223}
		{3EE0A9AA-DE0C-493E-B024-ACBC7311BB3A} = {827E0CD3-B72D-47B6-A68D-7590B98EB39B}
		{210D06D1-5ADA-4B43-9B31-31587B49F9AB} = {827E0CD3-B72D-47B6-A68D-7590B98EB39B}
		{E66AEA60-D985-45B3-B85F-354D02EBA47C} = {827E0CD3-B72D-47B6-A68D-7590B98EB39B}
		{806DA029-0F6F-4C2B-9E2C-C68E3FA2D191} = {827E0CD3-B72D-47B6-A68D-7590B98EB39B}
		{08BD4C46-6FB6-4A45-81DB-55A77605900F} = {827E0CD3-B72D-47B6-A68D-7590B98EB39B}
		{93005A4E-3365-4194-B4E1-50B9511415B3} = {760AB15A-8938-8D9B-BEDE-5CE1484B84C3}
		{A3F8B2E1-4D7C-4A9F-B8E2-1C5D6F2A3B4C} = {827E0CD3-B72D-47B6-A68D-7590B98EB39B}
		{B4C9D3F2-5E8D-4B0A-C9F3-2D6E7A3B4C5D} = {827E0CD3-B72D-47B6-A68D-7590B98EB39B}
		{C5DAE4A3-6F9E-4C1B-DA04-3E7F8B4C5D6E} = {0AB3BF05-4346-4AA6-1389-037BE0695223}
		{D6EBF5B4-7A0F-4D2C-EB15-4F809C5D6E7F} = {0AB3BF05-4346-4AA6-1389-037BE0695223}
		{E7FC06C5-8B1A-4E3D-FC26-509A1D6E7F80} = {827E0CD3-B72D-47B6-A68D-7590B98EB39B}
		{F80D17D6-9C2B-4F4E-FD37-6A0B2E7F8091} = {827E0CD3-B72D-47B6-A68D-7590B98EB39B}
		{091E28E7-AD3C-405F-FE48-7B1C3F8091A2} = {0AB3BF05-4346-4AA6-1389-037BE0695223}
		{1A2F39F8-BE4D-4160-FF59-8C2D40A192B3} = {0AB3BF05-4346-4AA6-1389-037BE0695223}
		{2B3040A9-CF5E-4271-AC6A-9D3E51B2A3C4} = {827E0CD3-B72D-47B6-A68D-7590B98EB39B}
	EndGlobalSection
EndGlobal
